{
  "originHash" : "ddfddd01315fc304b0b741517d099ae60a47e1f50cb8748935cc961f7df1f200",
  "pins" : [
    {
      "identity" : "amorekit",
      "kind" : "remoteSourceControl",
      "location" : "https://github.com/AmoreComputer/AmoreKit",
      "state" : {
        "revision" : "03a2b8a41cc26256ebfb9e9a909c209b53b35abb",
        "version" : "0.5.0"
      }
    },
    {
      "identity" : "sparkle",
      "kind" : "remoteSourceControl",
      "location" : "https://github.com/sparkle-project/Sparkle",
      "state" : {
        "revision" : "066e75a8b3e99962685d6a90cdd5293ebffd9261",
        "version" : "2.9.1"
      }
    },
    {
      "identity" : "swift-asn1",
      "kind" : "remoteSourceControl",
      "location" : "https://github.com/apple/swift-asn1.git",
      "state" : {
        "revision" : "a9a5efd40eaf558a2bcd48d64b1d1646be686008",
        "version" : "1.7.1"
      }
    },
    {
      "identity" : "swift-crypto",
      "kind" : "remoteSourceControl",
      "location" : "https://github.com/apple/swift-crypto.git",
      "state" : {
        "revision" : "1b6b2e274e85105bfa155183145a1dcfd63331f1",
        "version" : "4.5.0"
      }
    }
  ],
  "version" : 3
}
